PODS:
  - Alamofire (5.2.1)
  - Kingfisher (5.14.0):
    - Kingfisher/Core (= 5.14.0)
  - Kingfisher/Core (5.14.0)
  - SwiftyStoreKit (0.15.0)

DEPENDENCIES:
  - Alamofire (~> 5.2)
  - Kingfisher (~> 5.0)
  - SwiftyStoreKit

SPEC REPOS:
  trunk:
    - Alamofire
    - Kingfisher
    - SwiftyStoreKit

SPEC CHECKSUMS:
  Alamofire: e911732990610fe89af59ac0077f923d72dc3dfd
  Kingfisher: 7b64389a43139c903ec434788344c288217c792d
  SwiftyStoreKit: 033d06b6f87955405d3f844a18a7687c2438592a

PODFILE CHECKSUM: 7de16983c2fd8e8611984595e71793d7971190d4

COCOAPODS: 1.9.3
